
Microsoft Visual Studio Solution File, Format Version 12.00
# Visual Studio Version 17
VisualStudioVersion = 17.11.35312.102
MinimumVisualStudioVersion = 10.0.40219.1
Project("{2150E333-8FDC-42A3-9474-1A3956D46DE8}") = "Task0", "Task0", "{6C57C5BF-60B3-41C8-96D7-373975035C51}"
EndProject
Project("{9A19103F-16F7-4668-BE54-9A1E7A4F7556}") = "Tyuiu.ZhuriloNA.Sprint3.Task0.V5", "Tyuiu.ZhuriloNA.Sprint3.Task0.V5\Tyuiu.ZhuriloNA.Sprint3.Task0.V5.csproj", "{05DE617A-5308-4CE0-B244-8E408916BB17}"
EndProject
Project("{9A19103F-16F7-4668-BE54-9A1E7A4F7556}") = "Tyuiu.ZhuriloNA.Sprint3.Task0.V5.Lib", "Tyuiu.ZhuriloNA.Sprint3.Task0.V5.Lib\Tyuiu.ZhuriloNA.Sprint3.Task0.V5.Lib.csproj", "{9E12EC4B-75B3-4719-9974-F71ACA7372B3}"
EndProject
Project("{9A19103F-16F7-4668-BE54-9A1E7A4F7556}") = "Tyuiu.ZhuriloNA.Sprint3.Task0.V5.Test", "Tyuiu.ZhuriloNA.Sprint3.Task0.V5.Test\Tyuiu.ZhuriloNA.Sprint3.Task0.V5.Test.csproj", "{A65CD5B0-882C-4CFD-98F5-7CBC97F7AFC9}"
EndProject
Project("{2150E333-8FDC-42A3-9474-1A3956D46DE8}") = "Task1", "Task1", "{F654073B-FE40-42BF-BBFC-291975093092}"
EndProject
Project("{9A19103F-16F7-4668-BE54-9A1E7A4F7556}") = "Tyuiu.ZhuriloNA.Sprint3.Task1.V17", "Tyuiu.ZhuriloNA.Sprint3.Task1.V17\Tyuiu.ZhuriloNA.Sprint3.Task1.V17.csproj", "{3363AF45-4713-41A2-9274-CDDAB7E54E17}"
EndProject
Project("{9A19103F-16F7-4668-BE54-9A1E7A4F7556}") = "Tyuiu.ZhuriloNA.Sprint3.Task1.V17.Lib", "Tyuiu.ZhuriloNA.Sprint3.Task1.V17.Lib\Tyuiu.ZhuriloNA.Sprint3.Task1.V17.Lib.csproj", "{2D2788F9-3F4D-46E4-BA70-817D69897DBD}"
EndProject
Project("{9A19103F-16F7-4668-BE54-9A1E7A4F7556}") = "Tyuiu.ZhuriloNA.Sprint3.Task1.V17.Test", "Tyuiu.ZhuriloNA.Sprint3.Task1.V17.Test\Tyuiu.ZhuriloNA.Sprint3.Task1.V17.Test.csproj", "{E6EF0B41-2A69-4EA0-B553-FF8FBE170102}"
EndProject
Project("{2150E333-8FDC-42A3-9474-1A3956D46DE8}") = "Task2", "Task2", "{7B0F778E-294C-4844-A033-D5F5ACC942F8}"
EndProject
Project("{FAE04EC0-301F-11D3-BF4B-00C04F79EFBC}") = "Tyuiu.ZhuriloNA.Sprint3.Task2.V26", "Tyuiu.ZhuriloNA.Sprint3.Task2.V26\Tyuiu.ZhuriloNA.Sprint3.Task2.V26.csproj", "{853B415E-5814-4200-A5ED-9CF1EED0B63F}"
EndProject
Project("{FAE04EC0-301F-11D3-BF4B-00C04F79EFBC}") = "Tyuiu.ZhuriloNA.Sprint3.Task2.V26.Lib", "Tyuiu.ZhuriloNA.Sprint3.Task2.V26.Lib\Tyuiu.ZhuriloNA.Sprint3.Task2.V26.Lib.csproj", "{9913E05D-D209-4C47-AA01-E2A71B491E00}"
EndProject
Project("{FAE04EC0-301F-11D3-BF4B-00C04F79EFBC}") = "Tyuiu.ZhuriloNA.Sprint3.Task2.V26.Test", "Tyuiu.ZhuriloNA.Sprint3.Task2.V26.Test\Tyuiu.ZhuriloNA.Sprint3.Task2.V26.Test.csproj", "{76F4E388-72C9-4069-8B7C-C123E75841D6}"
EndProject
Project("{2150E333-8FDC-42A3-9474-1A3956D46DE8}") = "Task3", "Task3", "{2BEFD4CA-9A44-406C-9A30-A7BD48E16EE4}"
EndProject
Project("{FAE04EC0-301F-11D3-BF4B-00C04F79EFBC}") = "Tyuiu.ZhuriloNA.Sprint3.Task3.V23", "Tyuiu.ZhuriloNA.Sprint3.Task3.V23\Tyuiu.ZhuriloNA.Sprint3.Task3.V23.csproj", "{9E0C5C11-6D70-430C-BF36-F5AA34928C13}"
EndProject
Project("{FAE04EC0-301F-11D3-BF4B-00C04F79EFBC}") = "Tyuiu.ZhuriloNA.Sprint3.Task3.V23.Lib", "Tyuiu.ZhuriloNA.Sprint3.Task3.V23.Lib\Tyuiu.ZhuriloNA.Sprint3.Task3.V23.Lib.csproj", "{063E155D-4E2E-4647-8D5C-B7C0F3EA5BE5}"
EndProject
Project("{FAE04EC0-301F-11D3-BF4B-00C04F79EFBC}") = "Tyuiu.ZhuriloNA.Sprint3.Task3.V23.Test", "Tyuiu.ZhuriloNA.Sprint3.Task3.V23.Test\Tyuiu.ZhuriloNA.Sprint3.Task3.V23.Test.csproj", "{805AF47A-186D-4D7C-AD38-880AD711573B}"
EndProject
Project("{2150E333-8FDC-42A3-9474-1A3956D46DE8}") = "Task4", "Task4", "{6402502E-89C3-4110-B7D5-8BC11C8B003A}"
EndProject
Project("{FAE04EC0-301F-11D3-BF4B-00C04F79EFBC}") = "Tyuiu.ZhuriloNA.Sprint3.Task4.V27", "Tyuiu.ZhuriloNA.Sprint3.Task4.V27\Tyuiu.ZhuriloNA.Sprint3.Task4.V27.csproj", "{C50213BB-DFAB-4007-A2B5-5A4329A16428}"
EndProject
Project("{FAE04EC0-301F-11D3-BF4B-00C04F79EFBC}") = "Tyuiu.ZhuriloNA.Sprint3.Task4.V27.Lib", "Tyuiu.ZhuriloNA.Sprint3.Task4.V27.Lib\Tyuiu.ZhuriloNA.Sprint3.Task4.V27.Lib.csproj", "{18691D9F-E55A-41CC-B94B-96E23E4BCDF8}"
EndProject
Project("{FAE04EC0-301F-11D3-BF4B-00C04F79EFBC}") = "Tyuiu.ZhuriloNA.Sprint3.Task4.V27.Test", "Tyuiu.ZhuriloNA.Sprint3.Task4.V27.Test\Tyuiu.ZhuriloNA.Sprint3.Task4.V27.Test.csproj", "{30D9F826-74E4-46E4-AC13-A91B5CBE09D4}"
EndProject
Project("{2150E333-8FDC-42A3-9474-1A3956D46DE8}") = "Task5", "Task5", "{5C892C83-4F79-4283-AA8B-57D9C8560D08}"
EndProject
Project("{FAE04EC0-301F-11D3-BF4B-00C04F79EFBC}") = "Tyuiu.ZhuriloNA.Sprint3.Task5.V26", "Tyuiu.ZhuriloNA.Sprint3.Task5.V26\Tyuiu.ZhuriloNA.Sprint3.Task5.V26.csproj", "{C5A913B7-D5F7-409D-92E0-6CFC5DC369D3}"
EndProject
Project("{FAE04EC0-301F-11D3-BF4B-00C04F79EFBC}") = "Tyuiu.ZhuriloNA.Sprint3.Task5.V26.Lib", "Tyuiu.ZhuriloNA.Sprint3.Task5.V26.Lib\Tyuiu.ZhuriloNA.Sprint3.Task5.V26.Lib.csproj", "{F292065A-EB32-4159-BCB0-8B6A205AC929}"
EndProject
Project("{FAE04EC0-301F-11D3-BF4B-00C04F79EFBC}") = "Tyuiu.ZhuriloNA.Sprint3.Task5.V26.Test", "Tyuiu.ZhuriloNA.Sprint3.Task5.V26.Test\Tyuiu.ZhuriloNA.Sprint3.Task5.V26.Test.csproj", "{607AEA37-57DB-46B6-9C68-80DE274A7328}"
EndProject
Project("{2150E333-8FDC-42A3-9474-1A3956D46DE8}") = "Task6", "Task6", "{54489694-4FD6-463B-B775-626E85EBCB52}"
EndProject
Project("{FAE04EC0-301F-11D3-BF4B-00C04F79EFBC}") = "Tyuiu.ZhuriloNA.Sprint3.Task6.V6", "Tyuiu.ZhuriloNA.Sprint3.Task6.V6\Tyuiu.ZhuriloNA.Sprint3.Task6.V6.csproj", "{A6192FBA-21D0-44C0-8E92-2F9B254EC157}"
EndProject
Project("{FAE04EC0-301F-11D3-BF4B-00C04F79EFBC}") = "Tyuiu.ZhuriloNA.Sprint3.Task6.V6.Lib", "Tyuiu.ZhuriloNA.Sprint3.Task6.V6.Lib\Tyuiu.ZhuriloNA.Sprint3.Task6.V6.Lib.csproj", "{68DFD1F5-9DF3-4FFC-AFDB-B2CC8F7BF456}"
EndProject
Project("{FAE04EC0-301F-11D3-BF4B-00C04F79EFBC}") = "Tyuiu.ZhuriloNA.Sprint3.Task6.V6.Test", "Tyuiu.ZhuriloNA.Sprint3.Task6.V6.Test\Tyuiu.ZhuriloNA.Sprint3.Task6.V6.Test.csproj", "{4FC88DAA-7DA4-4656-AACA-F993FCA638F2}"
EndProject
Global
	GlobalSection(SolutionConfigurationPlatforms) = preSolution
		Debug|Any CPU = Debug|Any CPU
		Release|Any CPU = Release|Any CPU
	EndGlobalSection
	GlobalSection(ProjectConfigurationPlatforms) = postSolution
		{05DE617A-5308-4CE0-B244-8E408916BB17}.Debug|Any CPU.ActiveCfg = Debug|Any CPU
		{05DE617A-5308-4CE0-B244-8E408916BB17}.Debug|Any CPU.Build.0 = Debug|Any CPU
		{05DE617A-5308-4CE0-B244-8E408916BB17}.Release|Any CPU.ActiveCfg = Release|Any CPU
		{05DE617A-5308-4CE0-B244-8E408916BB17}.Release|Any CPU.Build.0 = Release|Any CPU
		{9E12EC4B-75B3-4719-9974-F71ACA7372B3}.Debug|Any CPU.ActiveCfg = Debug|Any CPU
		{9E12EC4B-75B3-4719-9974-F71ACA7372B3}.Debug|Any CPU.Build.0 = Debug|Any CPU
		{9E12EC4B-75B3-4719-9974-F71ACA7372B3}.Release|Any CPU.ActiveCfg = Release|Any CPU
		{9E12EC4B-75B3-4719-9974-F71ACA7372B3}.Release|Any CPU.Build.0 = Release|Any CPU
		{A65CD5B0-882C-4CFD-98F5-7CBC97F7AFC9}.Debug|Any CPU.ActiveCfg = Debug|Any CPU
		{A65CD5B0-882C-4CFD-98F5-7CBC97F7AFC9}.Debug|Any CPU.Build.0 = Debug|Any CPU
		{A65CD5B0-882C-4CFD-98F5-7CBC97F7AFC9}.Release|Any CPU.ActiveCfg = Release|Any CPU
		{A65CD5B0-882C-4CFD-98F5-7CBC97F7AFC9}.Release|Any CPU.Build.0 = Release|Any CPU
		{3363AF45-4713-41A2-9274-CDDAB7E54E17}.Debug|Any CPU.ActiveCfg = Debug|Any CPU
		{3363AF45-4713-41A2-9274-CDDAB7E54E17}.Debug|Any CPU.Build.0 = Debug|Any CPU
		{3363AF45-4713-41A2-9274-CDDAB7E54E17}.Release|Any CPU.ActiveCfg = Release|Any CPU
		{3363AF45-4713-41A2-9274-CDDAB7E54E17}.Release|Any CPU.Build.0 = Release|Any CPU
		{2D2788F9-3F4D-46E4-BA70-817D69897DBD}.Debug|Any CPU.ActiveCfg = Debug|Any CPU
		{2D2788F9-3F4D-46E4-BA70-817D69897DBD}.Debug|Any CPU.Build.0 = Debug|Any CPU
		{2D2788F9-3F4D-46E4-BA70-817D69897DBD}.Release|Any CPU.ActiveCfg = Release|Any CPU
		{2D2788F9-3F4D-46E4-BA70-817D69897DBD}.Release|Any CPU.Build.0 = Release|Any CPU
		{E6EF0B41-2A69-4EA0-B553-FF8FBE170102}.Debug|Any CPU.ActiveCfg = Debug|Any CPU
		{E6EF0B41-2A69-4EA0-B553-FF8FBE170102}.Debug|Any CPU.Build.0 = Debug|Any CPU
		{E6EF0B41-2A69-4EA0-B553-FF8FBE170102}.Release|Any CPU.ActiveCfg = Release|Any CPU
		{E6EF0B41-2A69-4EA0-B553-FF8FBE170102}.Release|Any CPU.Build.0 = Release|Any CPU
		{853B415E-5814-4200-A5ED-9CF1EED0B63F}.Debug|Any CPU.ActiveCfg = Debug|Any CPU
		{853B415E-5814-4200-A5ED-9CF1EED0B63F}.Debug|Any CPU.Build.0 = Debug|Any CPU
		{853B415E-5814-4200-A5ED-9CF1EED0B63F}.Release|Any CPU.ActiveCfg = Release|Any CPU
		{853B415E-5814-4200-A5ED-9CF1EED0B63F}.Release|Any CPU.Build.0 = Release|Any CPU
		{9913E05D-D209-4C47-AA01-E2A71B491E00}.Debug|Any CPU.ActiveCfg = Debug|Any CPU
		{9913E05D-D209-4C47-AA01-E2A71B491E00}.Debug|Any CPU.Build.0 = Debug|Any CPU
		{9913E05D-D209-4C47-AA01-E2A71B491E00}.Release|Any CPU.ActiveCfg = Release|Any CPU
		{9913E05D-D209-4C47-AA01-E2A71B491E00}.Release|Any CPU.Build.0 = Release|Any CPU
		{76F4E388-72C9-4069-8B7C-C123E75841D6}.Debug|Any CPU.ActiveCfg = Debug|Any CPU
		{76F4E388-72C9-4069-8B7C-C123E75841D6}.Debug|Any CPU.Build.0 = Debug|Any CPU
		{76F4E388-72C9-4069-8B7C-C123E75841D6}.Release|Any CPU.ActiveCfg = Release|Any CPU
		{76F4E388-72C9-4069-8B7C-C123E75841D6}.Release|Any CPU.Build.0 = Release|Any CPU
		{9E0C5C11-6D70-430C-BF36-F5AA34928C13}.Debug|Any CPU.ActiveCfg = Debug|Any CPU
		{9E0C5C11-6D70-430C-BF36-F5AA34928C13}.Debug|Any CPU.Build.0 = Debug|Any CPU
		{9E0C5C11-6D70-430C-BF36-F5AA34928C13}.Release|Any CPU.ActiveCfg = Release|Any CPU
		{9E0C5C11-6D70-430C-BF36-F5AA34928C13}.Release|Any CPU.Build.0 = Release|Any CPU
		{063E155D-4E2E-4647-8D5C-B7C0F3EA5BE5}.Debug|Any CPU.ActiveCfg = Debug|Any CPU
		{063E155D-4E2E-4647-8D5C-B7C0F3EA5BE5}.Debug|Any CPU.Build.0 = Debug|Any CPU
		{063E155D-4E2E-4647-8D5C-B7C0F3EA5BE5}.Release|Any CPU.ActiveCfg = Release|Any CPU
		{063E155D-4E2E-4647-8D5C-B7C0F3EA5BE5}.Release|Any CPU.Build.0 = Release|Any CPU
		{805AF47A-186D-4D7C-AD38-880AD711573B}.Debug|Any CPU.ActiveCfg = Debug|Any CPU
		{805AF47A-186D-4D7C-AD38-880AD711573B}.Debug|Any CPU.Build.0 = Debug|Any CPU
		{805AF47A-186D-4D7C-AD38-880AD711573B}.Release|Any CPU.ActiveCfg = Release|Any CPU
		{805AF47A-186D-4D7C-AD38-880AD711573B}.Release|Any CPU.Build.0 = Release|Any CPU
		{C50213BB-DFAB-4007-A2B5-5A4329A16428}.Debug|Any CPU.ActiveCfg = Debug|Any CPU
		{C50213BB-DFAB-4007-A2B5-5A4329A16428}.Debug|Any CPU.Build.0 = Debug|Any CPU
		{C50213BB-DFAB-4007-A2B5-5A4329A16428}.Release|Any CPU.ActiveCfg = Release|Any CPU
		{C50213BB-DFAB-4007-A2B5-5A4329A16428}.Release|Any CPU.Build.0 = Release|Any CPU
		{18691D9F-E55A-41CC-B94B-96E23E4BCDF8}.Debug|Any CPU.ActiveCfg = Debug|Any CPU
		{18691D9F-E55A-41CC-B94B-96E23E4BCDF8}.Debug|Any CPU.Build.0 = Debug|Any CPU
		{18691D9F-E55A-41CC-B94B-96E23E4BCDF8}.Release|Any CPU.ActiveCfg = Release|Any CPU
		{18691D9F-E55A-41CC-B94B-96E23E4BCDF8}.Release|Any CPU.Build.0 = Release|Any CPU
		{30D9F826-74E4-46E4-AC13-A91B5CBE09D4}.Debug|Any CPU.ActiveCfg = Debug|Any CPU
		{30D9F826-74E4-46E4-AC13-A91B5CBE09D4}.Debug|Any CPU.Build.0 = Debug|Any CPU
		{30D9F826-74E4-46E4-AC13-A91B5CBE09D4}.Release|Any CPU.ActiveCfg = Release|Any CPU
		{30D9F826-74E4-46E4-AC13-A91B5CBE09D4}.Release|Any CPU.Build.0 = Release|Any CPU
		{C5A913B7-D5F7-409D-92E0-6CFC5DC369D3}.Debug|Any CPU.ActiveCfg = Debug|Any CPU
		{C5A913B7-D5F7-409D-92E0-6CFC5DC369D3}.Debug|Any CPU.Build.0 = Debug|Any CPU
		{C5A913B7-D5F7-409D-92E0-6CFC5DC369D3}.Release|Any CPU.ActiveCfg = Release|Any CPU
		{C5A913B7-D5F7-409D-92E0-6CFC5DC369D3}.Release|Any CPU.Build.0 = Release|Any CPU
		{F292065A-EB32-4159-BCB0-8B6A205AC929}.Debug|Any CPU.ActiveCfg = Debug|Any CPU
		{F292065A-EB32-4159-BCB0-8B6A205AC929}.Debug|Any CPU.Build.0 = Debug|Any CPU
		{F292065A-EB32-4159-BCB0-8B6A205AC929}.Release|Any CPU.ActiveCfg = Release|Any CPU
		{F292065A-EB32-4159-BCB0-8B6A205AC929}.Release|Any CPU.Build.0 = Release|Any CPU
		{607AEA37-57DB-46B6-9C68-80DE274A7328}.Debug|Any CPU.ActiveCfg = Debug|Any CPU
		{607AEA37-57DB-46B6-9C68-80DE274A7328}.Debug|Any CPU.Build.0 = Debug|Any CPU
		{607AEA37-57DB-46B6-9C68-80DE274A7328}.Release|Any CPU.ActiveCfg = Release|Any CPU
		{607AEA37-57DB-46B6-9C68-80DE274A7328}.Release|Any CPU.Build.0 = Release|Any CPU
		{A6192FBA-21D0-44C0-8E92-2F9B254EC157}.Debug|Any CPU.ActiveCfg = Debug|Any CPU
		{A6192FBA-21D0-44C0-8E92-2F9B254EC157}.Debug|Any CPU.Build.0 = Debug|Any CPU
		{A6192FBA-21D0-44C0-8E92-2F9B254EC157}.Release|Any CPU.ActiveCfg = Release|Any CPU
		{A6192FBA-21D0-44C0-8E92-2F9B254EC157}.Release|Any CPU.Build.0 = Release|Any CPU
		{68DFD1F5-9DF3-4FFC-AFDB-B2CC8F7BF456}.Debug|Any CPU.ActiveCfg = Debug|Any CPU
		{68DFD1F5-9DF3-4FFC-AFDB-B2CC8F7BF456}.Debug|Any CPU.Build.0 = Debug|Any CPU
		{68DFD1F5-9DF3-4FFC-AFDB-B2CC8F7BF456}.Release|Any CPU.ActiveCfg = Release|Any CPU
		{68DFD1F5-9DF3-4FFC-AFDB-B2CC8F7BF456}.Release|Any CPU.Build.0 = Release|Any CPU
		{4FC88DAA-7DA4-4656-AACA-F993FCA638F2}.Debug|Any CPU.ActiveCfg = Debug|Any CPU
		{4FC88DAA-7DA4-4656-AACA-F993FCA638F2}.Debug|Any CPU.Build.0 = Debug|Any CPU
		{4FC88DAA-7DA4-4656-AACA-F993FCA638F2}.Release|Any CPU.ActiveCfg = Release|Any CPU
		{4FC88DAA-7DA4-4656-AACA-F993FCA638F2}.Release|Any CPU.Build.0 = Release|Any CPU
	EndGlobalSection
	GlobalSection(SolutionProperties) = preSolution
		HideSolutionNode = FALSE
	EndGlobalSection
	GlobalSection(NestedProjects) = preSolution
		{05DE617A-5308-4CE0-B244-8E408916BB17} = {6C57C5BF-60B3-41C8-96D7-373975035C51}
		{9E12EC4B-75B3-4719-9974-F71ACA7372B3} = {6C57C5BF-60B3-41C8-96D7-373975035C51}
		{A65CD5B0-882C-4CFD-98F5-7CBC97F7AFC9} = {6C57C5BF-60B3-41C8-96D7-373975035C51}
		{3363AF45-4713-41A2-9274-CDDAB7E54E17} = {F654073B-FE40-42BF-BBFC-291975093092}
		{2D2788F9-3F4D-46E4-BA70-817D69897DBD} = {F654073B-FE40-42BF-BBFC-291975093092}
		{E6EF0B41-2A69-4EA0-B553-FF8FBE170102} = {F654073B-FE40-42BF-BBFC-291975093092}
		{853B415E-5814-4200-A5ED-9CF1EED0B63F} = {7B0F778E-294C-4844-A033-D5F5ACC942F8}
		{9913E05D-D209-4C47-AA01-E2A71B491E00} = {7B0F778E-294C-4844-A033-D5F5ACC942F8}
		{76F4E388-72C9-4069-8B7C-C123E75841D6} = {7B0F778E-294C-4844-A033-D5F5ACC942F8}
		{9E0C5C11-6D70-430C-BF36-F5AA34928C13} = {2BEFD4CA-9A44-406C-9A30-A7BD48E16EE4}
		{063E155D-4E2E-4647-8D5C-B7C0F3EA5BE5} = {2BEFD4CA-9A44-406C-9A30-A7BD48E16EE4}
		{805AF47A-186D-4D7C-AD38-880AD711573B} = {2BEFD4CA-9A44-406C-9A30-A7BD48E16EE4}
		{C50213BB-DFAB-4007-A2B5-5A4329A16428} = {6402502E-89C3-4110-B7D5-8BC11C8B003A}
		{18691D9F-E55A-41CC-B94B-96E23E4BCDF8} = {6402502E-89C3-4110-B7D5-8BC11C8B003A}
		{30D9F826-74E4-46E4-AC13-A91B5CBE09D4} = {6402502E-89C3-4110-B7D5-8BC11C8B003A}
		{C5A913B7-D5F7-409D-92E0-6CFC5DC369D3} = {5C892C83-4F79-4283-AA8B-57D9C8560D08}
		{F292065A-EB32-4159-BCB0-8B6A205AC929} = {5C892C83-4F79-4283-AA8B-57D9C8560D08}
		{607AEA37-57DB-46B6-9C68-80DE274A7328} = {5C892C83-4F79-4283-AA8B-57D9C8560D08}
		{A6192FBA-21D0-44C0-8E92-2F9B254EC157} = {54489694-4FD6-463B-B775-626E85EBCB52}
		{68DFD1F5-9DF3-4FFC-AFDB-B2CC8F7BF456} = {54489694-4FD6-463B-B775-626E85EBCB52}
		{4FC88DAA-7DA4-4656-AACA-F993FCA638F2} = {54489694-4FD6-463B-B775-626E85EBCB52}
	EndGlobalSection
	GlobalSection(ExtensibilityGlobals) = postSolution
		SolutionGuid = {C7A96849-8845-4750-B0F5-DCDAC1F38B68}
	EndGlobalSection
EndGlobal
